// !$*UTF8*$!
{
	archiveVersion = 1;
	classes = {
	};
	objectVersion = 77;
	objects = {

/* Begin PBXBuildFile section */
		E44002182E069CE30027B8DB /* NavigationMCPClient.xpc in Embed XPC Services */ = {isa = PBXBuildFile; fileRef = E440020C2E069CE30027B8DB /* NavigationMCPClient.xpc */; settings = {ATTRIBUTES = (RemoveHeadersOnCopy, ); }; };
		E440021F2E069DC30027B8DB /* MCP in Frameworks */ = {isa = PBXBuildFile; productRef = E440021E2E069DC30027B8DB /* MCP */; };
		E440023A2E06F2520027B8DB /* OpenAI in Frameworks */ = {isa = PBXBuildFile; productRef = E44002392E06F2520027B8DB /* OpenAI */; };
		E44182132E21320700A86F85 /* LangGraph in Frameworks */ = {isa = PBXBuildFile; productRef = E44182122E21320700A86F85 /* LangGraph */; };
		E46AAAFE2E1A7DD4000556E3 /* NudgeLibrary in Frameworks */ = {isa = PBXBuildFile; productRef = E46AAAFD2E1A7DD4000556E3 /* NudgeLibrary */; };
/* End PBXBuildFile section */

/* Begin PBXContainerItemProxy section */
		E414C9B22E02E85E00DC57AA /* PBXContainerItemProxy */ = {
			isa = PBXContainerItemProxy;
			containerPortal = E414C99B2E02E85D00DC57AA /* Project object */;
			proxyType = 1;
			remoteGlobalIDString = E414C9A22E02E85D00DC57AA;
			remoteInfo = Nudge_macOS;
		};
		E414C9BC2E02E85E00DC57AA /* PBXContainerItemProxy */ = {
			isa = PBXContainerItemProxy;
			containerPortal = E414C99B2E02E85D00DC57AA /* Project object */;
			proxyType = 1;
			remoteGlobalIDString = E414C9A22E02E85D00DC57AA;
			remoteInfo = Nudge_macOS;
		};
		E44002162E069CE30027B8DB /* PBXContainerItemProxy */ = {
			isa = PBXContainerItemProxy;
			containerPortal = E414C99B2E02E85D00DC57AA /* Project object */;
			proxyType = 1;
			remoteGlobalIDString = E440020B2E069CE30027B8DB;
			remoteInfo = NavigationMCPClient;
		};
/* End PBXContainerItemProxy section */

/* Begin PBXCopyFilesBuildPhase section */
		E414C9F92E02EC7900DC57AA /* Embed XPC Services */ = {
			isa = PBXCopyFilesBuildPhase;
			buildActionMask = 2147483647;
			dstPath = "$(CONTENTS_FOLDER_PATH)/XPCServices";
			dstSubfolderSpec = 16;
			files = (
				E44002182E069CE30027B8DB /* NavigationMCPClient.xpc in Embed XPC Services */,
			);
			name = "Embed XPC Services";
			runOnlyForDeploymentPostprocessing = 0;
		};
/* End PBXCopyFilesBuildPhase section */

/* Begin PBXFileReference section */
		E414C9A32E02E85D00DC57AA /* Nudge_macOS.app */ = {isa = PBXFileReference; explicitFileType = wrapper.application; includeInIndex = 0; path = Nudge_macOS.app; sourceTree = BUILT_PRODUCTS_DIR; };
		E414C9B12E02E85E00DC57AA /* Nudge_macOSTests.xctest */ = {isa = PBXFileReference; explicitFileType = wrapper.cfbundle; includeInIndex = 0; path = Nudge_macOSTests.xctest; sourceTree = BUILT_PRODUCTS_DIR; };
		E414C9BB2E02E85E00DC57AA /* Nudge_macOSUITests.xctest */ = {isa = PBXFileReference; explicitFileType = wrapper.cfbundle; includeInIndex = 0; path = Nudge_macOSUITests.xctest; sourceTree = BUILT_PRODUCTS_DIR; };
		E440020C2E069CE30027B8DB /* NavigationMCPClient.xpc */ = {isa = PBXFileReference; explicitFileType = "wrapper.xpc-service"; includeInIndex = 0; path = NavigationMCPClient.xpc; sourceTree = BUILT_PRODUCTS_DIR; };
/* End PBXFileReference section */

/* Begin PBXFileSystemSynchronizedBuildFileExceptionSet section */
		E440021C2E069CE30027B8DB /* Exceptions for "NavigationMCPClient" folder in "NavigationMCPClient" target */ = {
			isa = PBXFileSystemSynchronizedBuildFileExceptionSet;
			membershipExceptions = (
				Info.plist,
			);
			target = E440020B2E069CE30027B8DB /* NavigationMCPClient */;
		};
		E440022C2E06A8FC0027B8DB /* Exceptions for "NavigationMCPClient" folder in "Nudge_macOS" target */ = {
			isa = PBXFileSystemSynchronizedBuildFileExceptionSet;
			membershipExceptions = (
				protocols/NavigationMCPClientCallbackProtocol.swift,
				protocols/NavigationMCPClientProtocol.swift,
			);
			target = E414C9A22E02E85D00DC57AA /* Nudge_macOS */;
		};
		E44002372E06EF070027B8DB /* Exceptions for "Nudge_macOS" folder in "NavigationMCPClient" target */ = {
			isa = PBXFileSystemSynchronizedBuildFileExceptionSet;
			membershipExceptions = (
				Errors/NudgeError.swift,
			);
			target = E440020B2E069CE30027B8DB /* NavigationMCPClient */;
		};
/* End PBXFileSystemSynchronizedBuildFileExceptionSet section */

/* Begin PBXFileSystemSynchronizedRootGroup section */
		E414C9A52E02E85D00DC57AA /* Nudge_macOS */ = {
			isa = PBXFileSystemSynchronizedRootGroup;
			exceptions = (
				E44002372E06EF070027B8DB /* Exceptions for "Nudge_macOS" folder in "NavigationMCPClient" target */,
			);
			path = Nudge_macOS;
			sourceTree = "<group>";
		};
		E414C9B42E02E85E00DC57AA /* Nudge_macOSTests */ = {
			isa = PBXFileSystemSynchronizedRootGroup;
			path = Nudge_macOSTests;
			sourceTree = "<group>";
		};
		E414C9BE2E02E85E00DC57AA /* Nudge_macOSUITests */ = {
			isa = PBXFileSystemSynchronizedRootGroup;
			path = Nudge_macOSUITests;
			sourceTree = "<group>";
		};
		E440020D2E069CE30027B8DB /* NavigationMCPClient */ = {
			isa = PBXFileSystemSynchronizedRootGroup;
			exceptions = (
				E440022C2E06A8FC0027B8DB /* Exceptions for "NavigationMCPClient" folder in "Nudge_macOS" target */,
				E440021C2E069CE30027B8DB /* Exceptions for "NavigationMCPClient" folder in "NavigationMCPClient" target */,
			);
			path = NavigationMCPClient;
			sourceTree = "<group>";
		};
/* End PBXFileSystemSynchronizedRootGroup section */

/* Begin PBXFrameworksBuildPhase section */
		E414C9A02E02E85D00DC57AA /* Frameworks */ = {
			isa = PBXFrameworksBuildPhase;
			buildActionMask = 2147483647;
			files = (
			);
			runOnlyForDeploymentPostprocessing = 0;
		};
		E414C9AE2E02E85E00DC57AA /* Frameworks */ = {
			isa = PBXFrameworksBuildPhase;
			buildActionMask = 2147483647;
			files = (
			);
			runOnlyForDeploymentPostprocessing = 0;
		};
		E414C9B82E02E85E00DC57AA /* Frameworks */ = {
			isa = PBXFrameworksBuildPhase;
			buildActionMask = 2147483647;
			files = (
			);
			runOnlyForDeploymentPostprocessing = 0;
		};
		E44002092E069CE30027B8DB /* Frameworks */ = {
			isa = PBXFrameworksBuildPhase;
			buildActionMask = 2147483647;
			files = (
				E440023A2E06F2520027B8DB /* OpenAI in Frameworks */,
				E44182132E21320700A86F85 /* LangGraph in Frameworks */,
				E440021F2E069DC30027B8DB /* MCP in Frameworks */,
				E46AAAFE2E1A7DD4000556E3 /* NudgeLibrary in Frameworks */,
			);
			runOnlyForDeploymentPostprocessing = 0;
		};
/* End PBXFrameworksBuildPhase section */

/* Begin PBXGroup section */
		E414C99A2E02E85D00DC57AA = {
			isa = PBXGroup;
			children = (
				E414C9A52E02E85D00DC57AA /* Nudge_macOS */,
				E414C9B42E02E85E00DC57AA /* Nudge_macOSTests */,
				E414C9BE2E02E85E00DC57AA /* Nudge_macOSUITests */,
				E440020D2E069CE30027B8DB /* NavigationMCPClient */,
				E46AAAFC2E1A7DD4000556E3 /* Frameworks */,
				E414C9A42E02E85D00DC57AA /* Products */,
			);
			sourceTree = "<group>";
		};
		E414C9A42E02E85D00DC57AA /* Products */ = {
			isa = PBXGroup;
			children = (
				E414C9A32E02E85D00DC57AA /* Nudge_macOS.app */,
				E414C9B12E02E85E00DC57AA /* Nudge_macOSTests.xctest */,
				E414C9BB2E02E85E00DC57AA /* Nudge_macOSUITests.xctest */,
				E440020C2E069CE30027B8DB /* NavigationMCPClient.xpc */,
			);
			name = Products;
			sourceTree = "<group>";
		};
		E46AAAFC2E1A7DD4000556E3 /* Frameworks */ = {
			isa = PBXGroup;
			children = (
			);
			name = Frameworks;
			sourceTree = "<group>";
		};
/* End PBXGroup section */

/* Begin PBXNativeTarget section */
		E414C9A22E02E85D00DC57AA /* Nudge_macOS */ = {
			isa = PBXNativeTarget;
			buildConfigurationList = E414C9C52E02E85E00DC57AA /* Build configuration list for PBXNativeTarget "Nudge_macOS" */;
			buildPhases = (
				E414C99F2E02E85D00DC57AA /* Sources */,
				E414C9A02E02E85D00DC57AA /* Frameworks */,
				E414C9A12E02E85D00DC57AA /* Resources */,
				E414C9F92E02EC7900DC57AA /* Embed XPC Services */,
			);
			buildRules = (
			);
			dependencies = (
				E44002172E069CE30027B8DB /* PBXTargetDependency */,
			);
			fileSystemSynchronizedGroups = (
				E414C9A52E02E85D00DC57AA /* Nudge_macOS */,
			);
			name = Nudge_macOS;
			packageProductDependencies = (
			);
			productName = Nudge_macOS;
			productReference = E414C9A32E02E85D00DC57AA /* Nudge_macOS.app */;
			productType = "com.apple.product-type.application";
		};
		E414C9B02E02E85E00DC57AA /* Nudge_macOSTests */ = {
			isa = PBXNativeTarget;
			buildConfigurationList = E414C9C82E02E85E00DC57AA /* Build configuration list for PBXNativeTarget "Nudge_macOSTests" */;
			buildPhases = (
				E414C9AD2E02E85E00DC57AA /* Sources */,
				E414C9AE2E02E85E00DC57AA /* Frameworks */,
				E414C9AF2E02E85E00DC57AA /* Resources */,
			);
			buildRules = (
			);
			dependencies = (
				E414C9B32E02E85E00DC57AA /* PBXTargetDependency */,
			);
			fileSystemSynchronizedGroups = (
				E414C9B42E02E85E00DC57AA /* Nudge_macOSTests */,
			);
			name = Nudge_macOSTests;
			packageProductDependencies = (
			);
			productName = Nudge_macOSTests;
			productReference = E414C9B12E02E85E00DC57AA /* Nudge_macOSTests.xctest */;
			productType = "com.apple.product-type.bundle.unit-test";
		};
		E414C9BA2E02E85E00DC57AA /* Nudge_macOSUITests */ = {
			isa = PBXNativeTarget;
			buildConfigurationList = E414C9CB2E02E85E00DC57AA /* Build configuration list for PBXNativeTarget "Nudge_macOSUITests" */;
			buildPhases = (
				E414C9B72E02E85E00DC57AA /* Sources */,
				E414C9B82E02E85E00DC57AA /* Frameworks */,
				E414C9B92E02E85E00DC57AA /* Resources */,
			);
			buildRules = (
			);
			dependencies = (
				E414C9BD2E02E85E00DC57AA /* PBXTargetDependency */,
			);
			fileSystemSynchronizedGroups = (
				E414C9BE2E02E85E00DC57AA /* Nudge_macOSUITests */,
			);
			name = Nudge_macOSUITests;
			packageProductDependencies = (
			);
			productName = Nudge_macOSUITests;
			productReference = E414C9BB2E02E85E00DC57AA /* Nudge_macOSUITests.xctest */;
			productType = "com.apple.product-type.bundle.ui-testing";
		};
		E440020B2E069CE30027B8DB /* NavigationMCPClient */ = {
			isa = PBXNativeTarget;
			buildConfigurationList = E440021B2E069CE30027B8DB /* Build configuration list for PBXNativeTarget "NavigationMCPClient" */;
			buildPhases = (
				E44002082E069CE30027B8DB /* Sources */,
				E44002092E069CE30027B8DB /* Frameworks */,
				E440020A2E069CE30027B8DB /* Resources */,
			);
			buildRules = (
			);
			dependencies = (
			);
			fileSystemSynchronizedGroups = (
				E440020D2E069CE30027B8DB /* NavigationMCPClient */,
			);
			name = NavigationMCPClient;
			packageProductDependencies = (
				E440021E2E069DC30027B8DB /* MCP */,
				E44002392E06F2520027B8DB /* OpenAI */,
				E46AAAFD2E1A7DD4000556E3 /* NudgeLibrary */,
				E44182122E21320700A86F85 /* LangGraph */,
			);
			productName = NavigationMCPClient;
			productReference = E440020C2E069CE30027B8DB /* NavigationMCPClient.xpc */;
			productType = "com.apple.product-type.xpc-service";
		};
/* End PBXNativeTarget section */

/* Begin PBXProject section */
		E414C99B2E02E85D00DC57AA /* Project object */ = {
			isa = PBXProject;
			attributes = {
				BuildIndependentTargetsInParallel = 1;
				LastSwiftUpdateCheck = 1640;
				LastUpgradeCheck = 1640;
				TargetAttributes = {
					E414C9A22E02E85D00DC57AA = {
						CreatedOnToolsVersion = 16.4;
					};
					E414C9B02E02E85E00DC57AA = {
						CreatedOnToolsVersion = 16.4;
						TestTargetID = E414C9A22E02E85D00DC57AA;
					};
					E414C9BA2E02E85E00DC57AA = {
						CreatedOnToolsVersion = 16.4;
						TestTargetID = E414C9A22E02E85D00DC57AA;
					};
					E440020B2E069CE30027B8DB = {
						CreatedOnToolsVersion = 16.4;
					};
				};
			};
			buildConfigurationList = E414C99E2E02E85D00DC57AA /* Build configuration list for PBXProject "Nudge_macOS" */;
			developmentRegion = en;
			hasScannedForEncodings = 0;
			knownRegions = (
				en,
				Base,
			);
			mainGroup = E414C99A2E02E85D00DC57AA;
			minimizedProjectReferenceProxies = 1;
			packageReferences = (
				E440021D2E069DC30027B8DB /* XCRemoteSwiftPackageReference "swift-sdk" */,
				E44002382E06F2520027B8DB /* XCRemoteSwiftPackageReference "OpenAI" */,
				E46AAAFB2E1A7D80000556E3 /* XCRemoteSwiftPackageReference "Nudge-Server" */,
				E44182112E21320700A86F85 /* XCRemoteSwiftPackageReference "LangGraph-Swift" */,
			);
			preferredProjectObjectVersion = 77;
			productRefGroup = E414C9A42E02E85D00DC57AA /* Products */;
			projectDirPath = "";
			projectRoot = "";
			targets = (
				E414C9A22E02E85D00DC57AA /* Nudge_macOS */,
				E414C9B02E02E85E00DC57AA /* Nudge_macOSTests */,
				E414C9BA2E02E85E00DC57AA /* Nudge_macOSUITests */,
				E440020B2E069CE30027B8DB /* NavigationMCPClient */,
			);
		};
/* End PBXProject section */

/* Begin PBXResourcesBuildPhase section */
		E414C9A12E02E85D00DC57AA /* Resources */ = {
			isa = PBXResourcesBuildPhase;
			buildActionMask = 2147483647;
			files = (
			);
			runOnlyForDeploymentPostprocessing = 0;
		};
		E414C9AF2E02E85E00DC57AA /* Resources */ = {
			isa = PBXResourcesBuildPhase;
			buildActionMask = 2147483647;
			files = (
			);
			runOnlyForDeploymentPostprocessing = 0;
		};
		E414C9B92E02E85E00DC57AA /* Resources */ = {
			isa = PBXResourcesBuildPhase;
			buildActionMask = 2147483647;
			files = (
			);
			runOnlyForDeploymentPostprocessing = 0;
		};
		E440020A2E069CE30027B8DB /* Resources */ = {
			isa = PBXResourcesBuildPhase;
			buildActionMask = 2147483647;
			files = (
			);
			runOnlyForDeploymentPostprocessing = 0;
		};
/* End PBXResourcesBuildPhase section */

/* Begin PBXSourcesBuildPhase section */
		E414C99F2E02E85D00DC57AA /* Sources */ = {
			isa = PBXSourcesBuildPhase;
			buildActionMask = 2147483647;
			files = (
			);
			runOnlyForDeploymentPostprocessing = 0;
		};
		E414C9AD2E02E85E00DC57AA /* Sources */ = {
			isa = PBXSourcesBuildPhase;
			buildActionMask = 2147483647;
			files = (
			);
			runOnlyForDeploymentPostprocessing = 0;
		};
		E414C9B72E02E85E00DC57AA /* Sources */ = {
			isa = PBXSourcesBuildPhase;
			buildActionMask = 2147483647;
			files = (
			);
			runOnlyForDeploymentPostprocessing = 0;
		};
		E44002082E069CE30027B8DB /* Sources */ = {
			isa = PBXSourcesBuildPhase;
			buildActionMask = 2147483647;
			files = (
			);
			runOnlyForDeploymentPostprocessing = 0;
		};
/* End PBXSourcesBuildPhase section */

/* Begin PBXTargetDependency section */
		E414C9B32E02E85E00DC57AA /* PBXTargetDependency */ = {
			isa = PBXTargetDependency;
			target = E414C9A22E02E85D00DC57AA /* Nudge_macOS */;
			targetProxy = E414C9B22E02E85E00DC57AA /* PBXContainerItemProxy */;
		};
		E414C9BD2E02E85E00DC57AA /* PBXTargetDependency */ = {
			isa = PBXTargetDependency;
			target = E414C9A22E02E85D00DC57AA /* Nudge_macOS */;
			targetProxy = E414C9BC2E02E85E00DC57AA /* PBXContainerItemProxy */;
		};
		E44002172E069CE30027B8DB /* PBXTargetDependency */ = {
			isa = PBXTargetDependency;
			target = E440020B2E069CE30027B8DB /* NavigationMCPClient */;
			targetProxy = E44002162E069CE30027B8DB /* PBXContainerItemProxy */;
		};
/* End PBXTargetDependency section */

/* Begin XCBuildConfiguration section */
		E414C9C32E02E85E00DC57AA /* Debug */ = {
			isa = XCBuildConfiguration;
			buildSettings = {
				ALWAYS_SEARCH_USER_PATHS = NO;
				ASSETCATALOG_COMPILER_GENERATE_SWIFT_ASSET_SYMBOL_EXTENSIONS = YES;
				CLANG_ANALYZER_NONNULL = YES;
				CLANG_ANALYZER_NUMBER_OBJECT_CONVERSION = YES_AGGRESSIVE;
				CLANG_CXX_LANGUAGE_STANDARD = "gnu++20";
				CLANG_ENABLE_MODULES = YES;
				CLANG_ENABLE_OBJC_ARC = YES;
				CLANG_ENABLE_OBJC_WEAK = YES;
				CLANG_WARN_BLOCK_CAPTURE_AUTORELEASING = YES;
				CLANG_WARN_BOOL_CONVERSION = YES;
				CLANG_WARN_COMMA = YES;
				CLANG_WARN_CONSTANT_CONVERSION = YES;
				CLANG_WARN_DEPRECATED_OBJC_IMPLEMENTATIONS = YES;
				CLANG_WARN_DIRECT_OBJC_ISA_USAGE = YES_ERROR;
				CLANG_WARN_DOCUMENTATION_COMMENTS = YES;
				CLANG_WARN_EMPTY_BODY = YES;
				CLANG_WARN_ENUM_CONVERSION = YES;
				CLANG_WARN_INFINITE_RECURSION = YES;
				CLANG_WARN_INT_CONVERSION = YES;
				CLANG_WARN_NON_LITERAL_NULL_CONVERSION = YES;
				CLANG_WARN_OBJC_IMPLICIT_RETAIN_SELF = YES;
				CLANG_WARN_OBJC_LITERAL_CONVERSION = YES;
				CLANG_WARN_OBJC_ROOT_CLASS = YES_ERROR;
				CLANG_WARN_QUOTED_INCLUDE_IN_FRAMEWORK_HEADER = YES;
				CLANG_WARN_RANGE_LOOP_ANALYSIS = YES;
				CLANG_WARN_STRICT_PROTOTYPES = YES;
				CLANG_WARN_SUSPICIOUS_MOVE = YES;
				CLANG_WARN_UNGUARDED_AVAILABILITY = YES_AGGRESSIVE;
				CLANG_WARN_UNREACHABLE_CODE = YES;
				CLANG_WARN__DUPLICATE_METHOD_MATCH = YES;
				COPY_PHASE_STRIP = NO;
				DEBUG_INFORMATION_FORMAT = dwarf;
				DEVELOPMENT_TEAM = 9WS6268AT2;
				ENABLE_STRICT_OBJC_MSGSEND = YES;
				ENABLE_TESTABILITY = YES;
				ENABLE_USER_SCRIPT_SANDBOXING = YES;
				GCC_C_LANGUAGE_STANDARD = gnu17;
				GCC_DYNAMIC_NO_PIC = NO;
				GCC_NO_COMMON_BLOCKS = YES;
				GCC_OPTIMIZATION_LEVEL = 0;
				GCC_PREPROCESSOR_DEFINITIONS = (
					"DEBUG=1",
					"$(inherited)",
				);
				GCC_WARN_64_TO_32_BIT_CONVERSION = YES;
				GCC_WARN_ABOUT_RETURN_TYPE = YES_ERROR;
				GCC_WARN_UNDECLARED_SELECTOR = YES;
				GCC_WARN_UNINITIALIZED_AUTOS = YES_AGGRESSIVE;
				GCC_WARN_UNUSED_FUNCTION = YES;
				GCC_WARN_UNUSED_VARIABLE = YES;
				LOCALIZATION_PREFERS_STRING_CATALOGS = YES;
				MACOSX_DEPLOYMENT_TARGET = 15.5;
				MTL_ENABLE_DEBUG_INFO = INCLUDE_SOURCE;
				MTL_FAST_MATH = YES;
				ONLY_ACTIVE_ARCH = NO;
				SDKROOT = macosx;
				SWIFT_ACTIVE_COMPILATION_CONDITIONS = "DEBUG $(inherited)";
				SWIFT_OPTIMIZATION_LEVEL = "-Onone";
			};
			name = Debug;
		};
		E414C9C42E02E85E00DC57AA /* Release */ = {
			isa = XCBuildConfiguration;
			buildSettings = {
				ALWAYS_SEARCH_USER_PATHS = NO;
				ASSETCATALOG_COMPILER_GENERATE_SWIFT_ASSET_SYMBOL_EXTENSIONS = YES;
				CLANG_ANALYZER_NONNULL = YES;
				CLANG_ANALYZER_NUMBER_OBJECT_CONVERSION = YES_AGGRESSIVE;
				CLANG_CXX_LANGUAGE_STANDARD = "gnu++20";
				CLANG_ENABLE_MODULES = YES;
				CLANG_ENABLE_OBJC_ARC = YES;
				CLANG_ENABLE_OBJC_WEAK = YES;
				CLANG_WARN_BLOCK_CAPTURE_AUTORELEASING = YES;
				CLANG_WARN_BOOL_CONVERSION = YES;
				CLANG_WARN_COMMA = YES;
				CLANG_WARN_CONSTANT_CONVERSION = YES;
				CLANG_WARN_DEPRECATED_OBJC_IMPLEMENTATIONS = YES;
				CLANG_WARN_DIRECT_OBJC_ISA_USAGE = YES_ERROR;
				CLANG_WARN_DOCUMENTATION_COMMENTS = YES;
				CLANG_WARN_EMPTY_BODY = YES;
				CLANG_WARN_ENUM_CONVERSION = YES;
				CLANG_WARN_INFINITE_RECURSION = YES;
				CLANG_WARN_INT_CONVERSION = YES;
				CLANG_WARN_NON_LITERAL_NULL_CONVERSION = YES;
				CLANG_WARN_OBJC_IMPLICIT_RETAIN_SELF = YES;
				CLANG_WARN_OBJC_LITERAL_CONVERSION = YES;
				CLANG_WARN_OBJC_ROOT_CLASS = YES_ERROR;
				CLANG_WARN_QUOTED_INCLUDE_IN_FRAMEWORK_HEADER = YES;
				CLANG_WARN_RANGE_LOOP_ANALYSIS = YES;
				CLANG_WARN_STRICT_PROTOTYPES = YES;
				CLANG_WARN_SUSPICIOUS_MOVE = YES;
				CLANG_WARN_UNGUARDED_AVAILABILITY = YES_AGGRESSIVE;
				CLANG_WARN_UNREACHABLE_CODE = YES;
				CLANG_WARN__DUPLICATE_METHOD_MATCH = YES;
				COPY_PHASE_STRIP = NO;
				DEBUG_INFORMATION_FORMAT = "dwarf-with-dsym";
				DEVELOPMENT_TEAM = 9WS6268AT2;
				ENABLE_NS_ASSERTIONS = NO;
				ENABLE_STRICT_OBJC_MSGSEND = YES;
				ENABLE_USER_SCRIPT_SANDBOXING = YES;
				GCC_C_LANGUAGE_STANDARD = gnu17;
				GCC_NO_COMMON_BLOCKS = YES;
				GCC_WARN_64_TO_32_BIT_CONVERSION = YES;
				GCC_WARN_ABOUT_RETURN_TYPE = YES_ERROR;
				GCC_WARN_UNDECLARED_SELECTOR = YES;
				GCC_WARN_UNINITIALIZED_AUTOS = YES_AGGRESSIVE;
				GCC_WARN_UNUSED_FUNCTION = YES;
				GCC_WARN_UNUSED_VARIABLE = YES;
				LOCALIZATION_PREFERS_STRING_CATALOGS = YES;
				MACOSX_DEPLOYMENT_TARGET = 15.5;
				MTL_ENABLE_DEBUG_INFO = NO;
				MTL_FAST_MATH = YES;
				ONLY_ACTIVE_ARCH = YES;
				SDKROOT = macosx;
				SWIFT_COMPILATION_MODE = wholemodule;
			};
			name = Release;
		};
		E414C9C62E02E85E00DC57AA /* Debug */ = {
			isa = XCBuildConfiguration;
			buildSettings = {
				ASSETCATALOG_COMPILER_APPICON_NAME = AppIcon;
				ASSETCATALOG_COMPILER_GLOBAL_ACCENT_COLOR_NAME = AccentColor;
				CODE_SIGN_ENTITLEMENTS = Nudge_macOS/Nudge_macOS.entitlements;
				CODE_SIGN_STYLE = Automatic;
				COMBINE_HIDPI_IMAGES = YES;
				CURRENT_PROJECT_VERSION = 1;
				DEVELOPMENT_TEAM = 9WS6268AT2;
				ENABLE_HARDENED_RUNTIME = YES;
				ENABLE_PREVIEWS = YES;
				GENERATE_INFOPLIST_FILE = YES;
				INFOPLIST_FILE = Info.plist;
				INFOPLIST_KEY_LSApplicationCategoryType = "";
				INFOPLIST_KEY_NSHumanReadableCopyright = "";
				LD_RUNPATH_SEARCH_PATHS = (
					"$(inherited)",
					"@executable_path/../Frameworks",
				);
				MARKETING_VERSION = 1.0;
				PRODUCT_BUNDLE_IDENTIFIER = "Harshit.Nudge-macOS";
				PRODUCT_NAME = "$(TARGET_NAME)";
				REGISTER_APP_GROUPS = YES;
				SWIFT_EMIT_LOC_STRINGS = YES;
				SWIFT_VERSION = 5.0;
			};
			name = Debug;
		};
		E414C9C72E02E85E00DC57AA /* Release */ = {
			isa = XCBuildConfiguration;
			buildSettings = {
				ASSETCATALOG_COMPILER_APPICON_NAME = AppIcon;
				ASSETCATALOG_COMPILER_GLOBAL_ACCENT_COLOR_NAME = AccentColor;
				CODE_SIGN_ENTITLEMENTS = Nudge_macOS/Nudge_macOS.entitlements;
				CODE_SIGN_STYLE = Automatic;
				COMBINE_HIDPI_IMAGES = YES;
				CURRENT_PROJECT_VERSION = 1;
				DEVELOPMENT_TEAM = 9WS6268AT2;
				ENABLE_HARDENED_RUNTIME = YES;
				ENABLE_PREVIEWS = YES;
				GENERATE_INFOPLIST_FILE = YES;
				INFOPLIST_FILE = Info.plist;
				INFOPLIST_KEY_LSApplicationCategoryType = "";
				INFOPLIST_KEY_NSHumanReadableCopyright = "";
				LD_RUNPATH_SEARCH_PATHS = (
					"$(inherited)",
					"@executable_path/../Frameworks",
				);
				MARKETING_VERSION = 1.0;
				PRODUCT_BUNDLE_IDENTIFIER = "Harshit.Nudge-macOS";
				PRODUCT_NAME = "$(TARGET_NAME)";
				REGISTER_APP_GROUPS = YES;
				SWIFT_EMIT_LOC_STRINGS = YES;
				SWIFT_VERSION = 5.0;
			};
			name = Release;
		};
		E414C9C92E02E85E00DC57AA /* Debug */ = {
			isa = XCBuildConfiguration;
			buildSettings = {
				BUNDLE_LOADER = "$(TEST_HOST)";
				CODE_SIGN_STYLE = Automatic;
				CURRENT_PROJECT_VERSION = 1;
				DEVELOPMENT_TEAM = 9WS6268AT2;
				GENERATE_INFOPLIST_FILE = YES;
				MACOSX_DEPLOYMENT_TARGET = 15.5;
				MARKETING_VERSION = 1.0;
				PRODUCT_BUNDLE_IDENTIFIER = "Harshit.Nudge-macOSTests";
				PRODUCT_NAME = "$(TARGET_NAME)";
				SWIFT_EMIT_LOC_STRINGS = NO;
				SWIFT_VERSION = 5.0;
				TEST_HOST = "$(BUILT_PRODUCTS_DIR)/Nudge_macOS.app/$(BUNDLE_EXECUTABLE_FOLDER_PATH)/Nudge_macOS";
			};
			name = Debug;
		};
		E414C9CA2E02E85E00DC57AA /* Release */ = {
			isa = XCBuildConfiguration;
			buildSettings = {
				BUNDLE_LOADER = "$(TEST_HOST)";
				CODE_SIGN_STYLE = Automatic;
				CURRENT_PROJECT_VERSION = 1;
				DEVELOPMENT_TEAM = 9WS6268AT2;
				GENERATE_INFOPLIST_FILE = YES;
				MACOSX_DEPLOYMENT_TARGET = 15.5;
				MARKETING_VERSION = 1.0;
				PRODUCT_BUNDLE_IDENTIFIER = "Harshit.Nudge-macOSTests";
				PRODUCT_NAME = "$(TARGET_NAME)";
				SWIFT_EMIT_LOC_STRINGS = NO;
				SWIFT_VERSION = 5.0;
				TEST_HOST = "$(BUILT_PRODUCTS_DIR)/Nudge_macOS.app/$(BUNDLE_EXECUTABLE_FOLDER_PATH)/Nudge_macOS";
			};
			name = Release;
		};
		E414C9CC2E02E85E00DC57AA /* Debug */ = {
			isa = XCBuildConfiguration;
			buildSettings = {
				CODE_SIGN_STYLE = Automatic;
				CURRENT_PROJECT_VERSION = 1;
				DEVELOPMENT_TEAM = 9WS6268AT2;
				GENERATE_INFOPLIST_FILE = YES;
				MARKETING_VERSION = 1.0;
				PRODUCT_BUNDLE_IDENTIFIER = "Harshit.Nudge-macOSUITests";
				PRODUCT_NAME = "$(TARGET_NAME)";
				SWIFT_EMIT_LOC_STRINGS = NO;
				SWIFT_VERSION = 5.0;
				TEST_TARGET_NAME = Nudge_macOS;
			};
			name = Debug;
		};
		E414C9CD2E02E85E00DC57AA /* Release */ = {
			isa = XCBuildConfiguration;
			buildSettings = {
				CODE_SIGN_STYLE = Automatic;
				CURRENT_PROJECT_VERSION = 1;
				DEVELOPMENT_TEAM = 9WS6268AT2;
				GENERATE_INFOPLIST_FILE = YES;
				MARKETING_VERSION = 1.0;
				PRODUCT_BUNDLE_IDENTIFIER = "Harshit.Nudge-macOSUITests";
				PRODUCT_NAME = "$(TARGET_NAME)";
				SWIFT_EMIT_LOC_STRINGS = NO;
				SWIFT_VERSION = 5.0;
				TEST_TARGET_NAME = Nudge_macOS;
			};
			name = Release;
		};
		E44002192E069CE30027B8DB /* Debug */ = {
			isa = XCBuildConfiguration;
			buildSettings = {
				CODE_SIGN_ENTITLEMENTS = NavigationMCPClient/NavigationMCPClient.entitlements;
				CODE_SIGN_STYLE = Automatic;
				COMBINE_HIDPI_IMAGES = YES;
				CURRENT_PROJECT_VERSION = 1;
				DEVELOPMENT_TEAM = 9WS6268AT2;
				ENABLE_HARDENED_RUNTIME = YES;
				GENERATE_INFOPLIST_FILE = YES;
				INFOPLIST_FILE = NavigationMCPClient/Info.plist;
				INFOPLIST_KEY_CFBundleDisplayName = NavigationMCPClient;
				INFOPLIST_KEY_NSHumanReadableCopyright = "";
				MARKETING_VERSION = 1.0;
				ONLY_ACTIVE_ARCH = YES;
				PRODUCT_BUNDLE_IDENTIFIER = Harshit.NavigationMCPClient;
				PRODUCT_NAME = "$(TARGET_NAME)";
				REGISTER_APP_GROUPS = YES;
				SKIP_INSTALL = YES;
				SWIFT_EMIT_LOC_STRINGS = YES;
				SWIFT_VERSION = 5.0;
			};
			name = Debug;
		};
		E440021A2E069CE30027B8DB /* Release */ = {
			isa = XCBuildConfiguration;
			buildSettings = {
				CODE_SIGN_ENTITLEMENTS = NavigationMCPClient/NavigationMCPClient.entitlements;
				CODE_SIGN_STYLE = Automatic;
				COMBINE_HIDPI_IMAGES = YES;
				CURRENT_PROJECT_VERSION = 1;
				DEVELOPMENT_TEAM = 9WS6268AT2;
				ENABLE_HARDENED_RUNTIME = YES;
				GENERATE_INFOPLIST_FILE = YES;
				INFOPLIST_FILE = NavigationMCPClient/Info.plist;
				INFOPLIST_KEY_CFBundleDisplayName = NavigationMCPClient;
				INFOPLIST_KEY_NSHumanReadableCopyright = "";
				MARKETING_VERSION = 1.0;
				PRODUCT_BUNDLE_IDENTIFIER = Harshit.NavigationMCPClient;
				PRODUCT_NAME = "$(TARGET_NAME)";
				REGISTER_APP_GROUPS = YES;
				SKIP_INSTALL = YES;
				SWIFT_EMIT_LOC_STRINGS = YES;
				SWIFT_VERSION = 5.0;
			};
			name = Release;
		};
/* End XCBuildConfiguration section */

/* Begin XCConfigurationList section */
		E414C99E2E02E85D00DC57AA /* Build configuration list for PBXProject "Nudge_macOS" */ = {
			isa = XCConfigurationList;
			buildConfigurations = (
				E414C9C32E02E85E00DC57AA /* Debug */,
				E414C9C42E02E85E00DC57AA /* Release */,
			);
			defaultConfigurationIsVisible = 0;
			defaultConfigurationName = Release;
		};
		E414C9C52E02E85E00DC57AA /* Build configuration list for PBXNativeTarget "Nudge_macOS" */ = {
			isa = XCConfigurationList;
			buildConfigurations = (
				E414C9C62E02E85E00DC57AA /* Debug */,
				E414C9C72E02E85E00DC57AA /* Release */,
			);
			defaultConfigurationIsVisible = 0;
			defaultConfigurationName = Release;
		};
		E414C9C82E02E85E00DC57AA /* Build configuration list for PBXNativeTarget "Nudge_macOSTests" */ = {
			isa = XCConfigurationList;
			buildConfigurations = (
				E414C9C92E02E85E00DC57AA /* Debug */,
				E414C9CA2E02E85E00DC57AA /* Release */,
			);
			defaultConfigurationIsVisible = 0;
			defaultConfigurationName = Release;
		};
		E414C9CB2E02E85E00DC57AA /* Build configuration list for PBXNativeTarget "Nudge_macOSUITests" */ = {
			isa = XCConfigurationList;
			buildConfigurations = (
				E414C9CC2E02E85E00DC57AA /* Debug */,
				E414C9CD2E02E85E00DC57AA /* Release */,
			);
			defaultConfigurationIsVisible = 0;
			defaultConfigurationName = Release;
		};
		E440021B2E069CE30027B8DB /* Build configuration list for PBXNativeTarget "NavigationMCPClient" */ = {
			isa = XCConfigurationList;
			buildConfigurations = (
				E44002192E069CE30027B8DB /* Debug */,
				E440021A2E069CE30027B8DB /* Release */,
			);
			defaultConfigurationIsVisible = 0;
			defaultConfigurationName = Release;
		};
/* End XCConfigurationList section */

/* Begin XCRemoteSwiftPackageReference section */
		E440021D2E069DC30027B8DB /* XCRemoteSwiftPackageReference "swift-sdk" */ = {
			isa = XCRemoteSwiftPackageReference;
			repositoryURL = "https://github.com/modelcontextprotocol/swift-sdk.git";
			requirement = {
				kind = upToNextMajorVersion;
				minimumVersion = 0.9.0;
			};
		};
		E44002382E06F2520027B8DB /* XCRemoteSwiftPackageReference "OpenAI" */ = {
			isa = XCRemoteSwiftPackageReference;
			repositoryURL = "https://github.com/MacPaw/OpenAI";
			requirement = {
				kind = upToNextMajorVersion;
				minimumVersion = 0.4.3;
			};
		};
		E44182112E21320700A86F85 /* XCRemoteSwiftPackageReference "LangGraph-Swift" */ = {
			isa = XCRemoteSwiftPackageReference;
			repositoryURL = "https://github.com/bsorrentino/LangGraph-Swift";
			requirement = {
				kind = exactVersion;
				version = 3.2.0;
			};
		};
		E46AAAFB2E1A7D80000556E3 /* XCRemoteSwiftPackageReference "Nudge-Server" */ = {
			isa = XCRemoteSwiftPackageReference;
			repositoryURL = "https://github.com/haarshitgarg/Nudge-Server";
			requirement = {
				kind = upToNextMajorVersion;
				minimumVersion = 2.0.0;
			};
		};
/* End XCRemoteSwiftPackageReference section */

/* Begin XCSwiftPackageProductDependency section */
		E440021E2E069DC30027B8DB /* MCP */ = {
			isa = XCSwiftPackageProductDependency;
			package = E440021D2E069DC30027B8DB /* XCRemoteSwiftPackageReference "swift-sdk" */;
			productName = MCP;
		};
		E44002392E06F2520027B8DB /* OpenAI */ = {
			isa = XCSwiftPackageProductDependency;
			package = E44002382E06F2520027B8DB /* XCRemoteSwiftPackageReference "OpenAI" */;
			productName = OpenAI;
		};
		E44182122E21320700A86F85 /* LangGraph */ = {
			isa = XCSwiftPackageProductDependency;
			package = E44182112E21320700A86F85 /* XCRemoteSwiftPackageReference "LangGraph-Swift" */;
			productName = LangGraph;
		};
		E46AAAFD2E1A7DD4000556E3 /* NudgeLibrary */ = {
			isa = XCSwiftPackageProductDependency;
			package = E46AAAFB2E1A7D80000556E3 /* XCRemoteSwiftPackageReference "Nudge-Server" */;
			productName = NudgeLibrary;
		};
/* End XCSwiftPackageProductDependency section */
	};
	rootObject = E414C99B2E02E85D00DC57AA /* Project object */;
}
