// !$*UTF8*$!
{
	archiveVersion = 1;
	classes = {
	};
	objectVersion = 77;
	objects = {

/* Begin PBXBuildFile section */
		E414C9F42E02EC7900DC57AA /* NudgeHelper.xpc in Embed XPC Services */ = {isa = PBXBuildFile; fileRef = E414C9E82E02EC7900DC57AA /* NudgeHelper.xpc */; settings = {ATTRIBUTES = (RemoveHeadersOnCopy, ); }; };
/* End PBXBuildFile section */

/* Begin PBXContainerItemProxy section */
		E414C9B22E02E85E00DC57AA /* PBXContainerItemProxy */ = {
			isa = PBXContainerItemProxy;
			containerPortal = E414C99B2E02E85D00DC57AA /* Project object */;
			proxyType = 1;
			remoteGlobalIDString = E414C9A22E02E85D00DC57AA;
			remoteInfo = Nudge_macOS;
		};
		E414C9BC2E02E85E00DC57AA /* PBXContainerItemProxy */ = {
			isa = PBXContainerItemProxy;
			containerPortal = E414C99B2E02E85D00DC57AA /* Project object */;
			proxyType = 1;
			remoteGlobalIDString = E414C9A22E02E85D00DC57AA;
			remoteInfo = Nudge_macOS;
		};
		E414C9F22E02EC7900DC57AA /* PBXContainerItemProxy */ = {
			isa = PBXContainerItemProxy;
			containerPortal = E414C99B2E02E85D00DC57AA /* Project object */;
			proxyType = 1;
			remoteGlobalIDString = E414C9E72E02EC7900DC57AA;
			remoteInfo = NudgeHelper;
		};
/* End PBXContainerItemProxy section */

/* Begin PBXCopyFilesBuildPhase section */
		E414C9F92E02EC7900DC57AA /* Embed XPC Services */ = {
			isa = PBXCopyFilesBuildPhase;
			buildActionMask = 2147483647;
			dstPath = "$(CONTENTS_FOLDER_PATH)/XPCServices";
			dstSubfolderSpec = 16;
			files = (
				E414C9F42E02EC7900DC57AA /* NudgeHelper.xpc in Embed XPC Services */,
			);
			name = "Embed XPC Services";
			runOnlyForDeploymentPostprocessing = 0;
		};
/* End PBXCopyFilesBuildPhase section */

/* Begin PBXFileReference section */
		E414C9A32E02E85D00DC57AA /* Nudge_macOS.app */ = {isa = PBXFileReference; explicitFileType = wrapper.application; includeInIndex = 0; path = Nudge_macOS.app; sourceTree = BUILT_PRODUCTS_DIR; };
		E414C9B12E02E85E00DC57AA /* Nudge_macOSTests.xctest */ = {isa = PBXFileReference; explicitFileType = wrapper.cfbundle; includeInIndex = 0; path = Nudge_macOSTests.xctest; sourceTree = BUILT_PRODUCTS_DIR; };
		E414C9BB2E02E85E00DC57AA /* Nudge_macOSUITests.xctest */ = {isa = PBXFileReference; explicitFileType = wrapper.cfbundle; includeInIndex = 0; path = Nudge_macOSUITests.xctest; sourceTree = BUILT_PRODUCTS_DIR; };
		E414C9E82E02EC7900DC57AA /* NudgeHelper.xpc */ = {isa = PBXFileReference; explicitFileType = "wrapper.xpc-service"; includeInIndex = 0; path = NudgeHelper.xpc; sourceTree = BUILT_PRODUCTS_DIR; };
/* End PBXFileReference section */

/* Begin PBXFileSystemSynchronizedBuildFileExceptionSet section */
		E414C9F52E02EC7900DC57AA /* Exceptions for "NudgeHelper" folder in "NudgeHelper" target */ = {
			isa = PBXFileSystemSynchronizedBuildFileExceptionSet;
			membershipExceptions = (
				Info.plist,
			);
			target = E414C9E72E02EC7900DC57AA /* NudgeHelper */;
		};
		E414CA0A2E02FE8700DC57AA /* Exceptions for "NudgeHelper" folder in "Nudge_macOS" target */ = {
			isa = PBXFileSystemSynchronizedBuildFileExceptionSet;
			membershipExceptions = (
				NudgeClientProtocol.swift,
				NudgeHelperProtocol.swift,
			);
			target = E414C9A22E02E85D00DC57AA /* Nudge_macOS */;
		};
/* End PBXFileSystemSynchronizedBuildFileExceptionSet section */

/* Begin PBXFileSystemSynchronizedRootGroup section */
		E414C9A52E02E85D00DC57AA /* Nudge_macOS */ = {
			isa = PBXFileSystemSynchronizedRootGroup;
			path = Nudge_macOS;
			sourceTree = "<group>";
		};
		E414C9B42E02E85E00DC57AA /* Nudge_macOSTests */ = {
			isa = PBXFileSystemSynchronizedRootGroup;
			path = Nudge_macOSTests;
			sourceTree = "<group>";
		};
		E414C9BE2E02E85E00DC57AA /* Nudge_macOSUITests */ = {
			isa = PBXFileSystemSynchronizedRootGroup;
			path = Nudge_macOSUITests;
			sourceTree = "<group>";
		};
		E414C9E92E02EC7900DC57AA /* NudgeHelper */ = {
			isa = PBXFileSystemSynchronizedRootGroup;
			exceptions = (
				E414CA0A2E02FE8700DC57AA /* Exceptions for "NudgeHelper" folder in "Nudge_macOS" target */,
				E414C9F52E02EC7900DC57AA /* Exceptions for "NudgeHelper" folder in "NudgeHelper" target */,
			);
			path = NudgeHelper;
			sourceTree = "<group>";
		};
/* End PBXFileSystemSynchronizedRootGroup section */

/* Begin PBXFrameworksBuildPhase section */
		E414C9A02E02E85D00DC57AA /* Frameworks */ = {
			isa = PBXFrameworksBuildPhase;
			buildActionMask = 2147483647;
			files = (
			);
			runOnlyForDeploymentPostprocessing = 0;
		};
		E414C9AE2E02E85E00DC57AA /* Frameworks */ = {
			isa = PBXFrameworksBuildPhase;
			buildActionMask = 2147483647;
			files = (
			);
			runOnlyForDeploymentPostprocessing = 0;
		};
		E414C9B82E02E85E00DC57AA /* Frameworks */ = {
			isa = PBXFrameworksBuildPhase;
			buildActionMask = 2147483647;
			files = (
			);
			runOnlyForDeploymentPostprocessing = 0;
		};
		E414C9E52E02EC7900DC57AA /* Frameworks */ = {
			isa = PBXFrameworksBuildPhase;
			buildActionMask = 2147483647;
			files = (
			);
			runOnlyForDeploymentPostprocessing = 0;
		};
/* End PBXFrameworksBuildPhase section */

/* Begin PBXGroup section */
		E414C99A2E02E85D00DC57AA = {
			isa = PBXGroup;
			children = (
				E414C9A52E02E85D00DC57AA /* Nudge_macOS */,
				E414C9B42E02E85E00DC57AA /* Nudge_macOSTests */,
				E414C9BE2E02E85E00DC57AA /* Nudge_macOSUITests */,
				E414C9E92E02EC7900DC57AA /* NudgeHelper */,
				E414C9A42E02E85D00DC57AA /* Products */,
			);
			sourceTree = "<group>";
		};
		E414C9A42E02E85D00DC57AA /* Products */ = {
			isa = PBXGroup;
			children = (
				E414C9A32E02E85D00DC57AA /* Nudge_macOS.app */,
				E414C9B12E02E85E00DC57AA /* Nudge_macOSTests.xctest */,
				E414C9BB2E02E85E00DC57AA /* Nudge_macOSUITests.xctest */,
				E414C9E82E02EC7900DC57AA /* NudgeHelper.xpc */,
			);
			name = Products;
			sourceTree = "<group>";
		};
/* End PBXGroup section */

/* Begin PBXNativeTarget section */
		E414C9A22E02E85D00DC57AA /* Nudge_macOS */ = {
			isa = PBXNativeTarget;
			buildConfigurationList = E414C9C52E02E85E00DC57AA /* Build configuration list for PBXNativeTarget "Nudge_macOS" */;
			buildPhases = (
				E414C99F2E02E85D00DC57AA /* Sources */,
				E414C9A02E02E85D00DC57AA /* Frameworks */,
				E414C9A12E02E85D00DC57AA /* Resources */,
				E414C9F92E02EC7900DC57AA /* Embed XPC Services */,
			);
			buildRules = (
			);
			dependencies = (
				E414C9F32E02EC7900DC57AA /* PBXTargetDependency */,
			);
			fileSystemSynchronizedGroups = (
				E414C9A52E02E85D00DC57AA /* Nudge_macOS */,
			);
			name = Nudge_macOS;
			packageProductDependencies = (
			);
			productName = Nudge_macOS;
			productReference = E414C9A32E02E85D00DC57AA /* Nudge_macOS.app */;
			productType = "com.apple.product-type.application";
		};
		E414C9B02E02E85E00DC57AA /* Nudge_macOSTests */ = {
			isa = PBXNativeTarget;
			buildConfigurationList = E414C9C82E02E85E00DC57AA /* Build configuration list for PBXNativeTarget "Nudge_macOSTests" */;
			buildPhases = (
				E414C9AD2E02E85E00DC57AA /* Sources */,
				E414C9AE2E02E85E00DC57AA /* Frameworks */,
				E414C9AF2E02E85E00DC57AA /* Resources */,
			);
			buildRules = (
			);
			dependencies = (
				E414C9B32E02E85E00DC57AA /* PBXTargetDependency */,
			);
			fileSystemSynchronizedGroups = (
				E414C9B42E02E85E00DC57AA /* Nudge_macOSTests */,
			);
			name = Nudge_macOSTests;
			packageProductDependencies = (
			);
			productName = Nudge_macOSTests;
			productReference = E414C9B12E02E85E00DC57AA /* Nudge_macOSTests.xctest */;
			productType = "com.apple.product-type.bundle.unit-test";
		};
		E414C9BA2E02E85E00DC57AA /* Nudge_macOSUITests */ = {
			isa = PBXNativeTarget;
			buildConfigurationList = E414C9CB2E02E85E00DC57AA /* Build configuration list for PBXNativeTarget "Nudge_macOSUITests" */;
			buildPhases = (
				E414C9B72E02E85E00DC57AA /* Sources */,
				E414C9B82E02E85E00DC57AA /* Frameworks */,
				E414C9B92E02E85E00DC57AA /* Resources */,
			);
			buildRules = (
			);
			dependencies = (
				E414C9BD2E02E85E00DC57AA /* PBXTargetDependency */,
			);
			fileSystemSynchronizedGroups = (
				E414C9BE2E02E85E00DC57AA /* Nudge_macOSUITests */,
			);
			name = Nudge_macOSUITests;
			packageProductDependencies = (
			);
			productName = Nudge_macOSUITests;
			productReference = E414C9BB2E02E85E00DC57AA /* Nudge_macOSUITests.xctest */;
			productType = "com.apple.product-type.bundle.ui-testing";
		};
		E414C9E72E02EC7900DC57AA /* NudgeHelper */ = {
			isa = PBXNativeTarget;
			buildConfigurationList = E414C9F62E02EC7900DC57AA /* Build configuration list for PBXNativeTarget "NudgeHelper" */;
			buildPhases = (
				E414C9E42E02EC7900DC57AA /* Sources */,
				E414C9E52E02EC7900DC57AA /* Frameworks */,
				E414C9E62E02EC7900DC57AA /* Resources */,
			);
			buildRules = (
			);
			dependencies = (
			);
			fileSystemSynchronizedGroups = (
				E414C9E92E02EC7900DC57AA /* NudgeHelper */,
			);
			name = NudgeHelper;
			packageProductDependencies = (
			);
			productName = NudgeHelper;
			productReference = E414C9E82E02EC7900DC57AA /* NudgeHelper.xpc */;
			productType = "com.apple.product-type.xpc-service";
		};
/* End PBXNativeTarget section */

/* Begin PBXProject section */
		E414C99B2E02E85D00DC57AA /* Project object */ = {
			isa = PBXProject;
			attributes = {
				BuildIndependentTargetsInParallel = 1;
				LastSwiftUpdateCheck = 1640;
				LastUpgradeCheck = 1640;
				TargetAttributes = {
					E414C9A22E02E85D00DC57AA = {
						CreatedOnToolsVersion = 16.4;
					};
					E414C9B02E02E85E00DC57AA = {
						CreatedOnToolsVersion = 16.4;
						TestTargetID = E414C9A22E02E85D00DC57AA;
					};
					E414C9BA2E02E85E00DC57AA = {
						CreatedOnToolsVersion = 16.4;
						TestTargetID = E414C9A22E02E85D00DC57AA;
					};
					E414C9E72E02EC7900DC57AA = {
						CreatedOnToolsVersion = 16.4;
					};
				};
			};
			buildConfigurationList = E414C99E2E02E85D00DC57AA /* Build configuration list for PBXProject "Nudge_macOS" */;
			developmentRegion = en;
			hasScannedForEncodings = 0;
			knownRegions = (
				en,
				Base,
			);
			mainGroup = E414C99A2E02E85D00DC57AA;
			minimizedProjectReferenceProxies = 1;
			preferredProjectObjectVersion = 77;
			productRefGroup = E414C9A42E02E85D00DC57AA /* Products */;
			projectDirPath = "";
			projectRoot = "";
			targets = (
				E414C9A22E02E85D00DC57AA /* Nudge_macOS */,
				E414C9B02E02E85E00DC57AA /* Nudge_macOSTests */,
				E414C9BA2E02E85E00DC57AA /* Nudge_macOSUITests */,
				E414C9E72E02EC7900DC57AA /* NudgeHelper */,
			);
		};
/* End PBXProject section */

/* Begin PBXResourcesBuildPhase section */
		E414C9A12E02E85D00DC57AA /* Resources */ = {
			isa = PBXResourcesBuildPhase;
			buildActionMask = 2147483647;
			files = (
			);
			runOnlyForDeploymentPostprocessing = 0;
		};
		E414C9AF2E02E85E00DC57AA /* Resources */ = {
			isa = PBXResourcesBuildPhase;
			buildActionMask = 2147483647;
			files = (
			);
			runOnlyForDeploymentPostprocessing = 0;
		};
		E414C9B92E02E85E00DC57AA /* Resources */ = {
			isa = PBXResourcesBuildPhase;
			buildActionMask = 2147483647;
			files = (
			);
			runOnlyForDeploymentPostprocessing = 0;
		};
		E414C9E62E02EC7900DC57AA /* Resources */ = {
			isa = PBXResourcesBuildPhase;
			buildActionMask = 2147483647;
			files = (
			);
			runOnlyForDeploymentPostprocessing = 0;
		};
/* End PBXResourcesBuildPhase section */

/* Begin PBXSourcesBuildPhase section */
		E414C99F2E02E85D00DC57AA /* Sources */ = {
			isa = PBXSourcesBuildPhase;
			buildActionMask = 2147483647;
			files = (
			);
			runOnlyForDeploymentPostprocessing = 0;
		};
		E414C9AD2E02E85E00DC57AA /* Sources */ = {
			isa = PBXSourcesBuildPhase;
			buildActionMask = 2147483647;
			files = (
			);
			runOnlyForDeploymentPostprocessing = 0;
		};
		E414C9B72E02E85E00DC57AA /* Sources */ = {
			isa = PBXSourcesBuildPhase;
			buildActionMask = 2147483647;
			files = (
			);
			runOnlyForDeploymentPostprocessing = 0;
		};
		E414C9E42E02EC7900DC57AA /* Sources */ = {
			isa = PBXSourcesBuildPhase;
			buildActionMask = 2147483647;
			files = (
			);
			runOnlyForDeploymentPostprocessing = 0;
		};
/* End PBXSourcesBuildPhase section */

/* Begin PBXTargetDependency section */
		E414C9B32E02E85E00DC57AA /* PBXTargetDependency */ = {
			isa = PBXTargetDependency;
			target = E414C9A22E02E85D00DC57AA /* Nudge_macOS */;
			targetProxy = E414C9B22E02E85E00DC57AA /* PBXContainerItemProxy */;
		};
		E414C9BD2E02E85E00DC57AA /* PBXTargetDependency */ = {
			isa = PBXTargetDependency;
			target = E414C9A22E02E85D00DC57AA /* Nudge_macOS */;
			targetProxy = E414C9BC2E02E85E00DC57AA /* PBXContainerItemProxy */;
		};
		E414C9F32E02EC7900DC57AA /* PBXTargetDependency */ = {
			isa = PBXTargetDependency;
			target = E414C9E72E02EC7900DC57AA /* NudgeHelper */;
			targetProxy = E414C9F22E02EC7900DC57AA /* PBXContainerItemProxy */;
		};
/* End PBXTargetDependency section */

/* Begin XCBuildConfiguration section */
		E414C9C32E02E85E00DC57AA /* Debug */ = {
			isa = XCBuildConfiguration;
			buildSettings = {
				ALWAYS_SEARCH_USER_PATHS = NO;
				ASSETCATALOG_COMPILER_GENERATE_SWIFT_ASSET_SYMBOL_EXTENSIONS = YES;
				CLANG_ANALYZER_NONNULL = YES;
				CLANG_ANALYZER_NUMBER_OBJECT_CONVERSION = YES_AGGRESSIVE;
				CLANG_CXX_LANGUAGE_STANDARD = "gnu++20";
				CLANG_ENABLE_MODULES = YES;
				CLANG_ENABLE_OBJC_ARC = YES;
				CLANG_ENABLE_OBJC_WEAK = YES;
				CLANG_WARN_BLOCK_CAPTURE_AUTORELEASING = YES;
				CLANG_WARN_BOOL_CONVERSION = YES;
				CLANG_WARN_COMMA = YES;
				CLANG_WARN_CONSTANT_CONVERSION = YES;
				CLANG_WARN_DEPRECATED_OBJC_IMPLEMENTATIONS = YES;
				CLANG_WARN_DIRECT_OBJC_ISA_USAGE = YES_ERROR;
				CLANG_WARN_DOCUMENTATION_COMMENTS = YES;
				CLANG_WARN_EMPTY_BODY = YES;
				CLANG_WARN_ENUM_CONVERSION = YES;
				CLANG_WARN_INFINITE_RECURSION = YES;
				CLANG_WARN_INT_CONVERSION = YES;
				CLANG_WARN_NON_LITERAL_NULL_CONVERSION = YES;
				CLANG_WARN_OBJC_IMPLICIT_RETAIN_SELF = YES;
				CLANG_WARN_OBJC_LITERAL_CONVERSION = YES;
				CLANG_WARN_OBJC_ROOT_CLASS = YES_ERROR;
				CLANG_WARN_QUOTED_INCLUDE_IN_FRAMEWORK_HEADER = YES;
				CLANG_WARN_RANGE_LOOP_ANALYSIS = YES;
				CLANG_WARN_STRICT_PROTOTYPES = YES;
				CLANG_WARN_SUSPICIOUS_MOVE = YES;
				CLANG_WARN_UNGUARDED_AVAILABILITY = YES_AGGRESSIVE;
				CLANG_WARN_UNREACHABLE_CODE = YES;
				CLANG_WARN__DUPLICATE_METHOD_MATCH = YES;
				COPY_PHASE_STRIP = NO;
				DEBUG_INFORMATION_FORMAT = dwarf;
				DEVELOPMENT_TEAM = 9WS6268AT2;
				ENABLE_STRICT_OBJC_MSGSEND = YES;
				ENABLE_TESTABILITY = YES;
				ENABLE_USER_SCRIPT_SANDBOXING = YES;
				GCC_C_LANGUAGE_STANDARD = gnu17;
				GCC_DYNAMIC_NO_PIC = NO;
				GCC_NO_COMMON_BLOCKS = YES;
				GCC_OPTIMIZATION_LEVEL = 0;
				GCC_PREPROCESSOR_DEFINITIONS = (
					"DEBUG=1",
					"$(inherited)",
				);
				GCC_WARN_64_TO_32_BIT_CONVERSION = YES;
				GCC_WARN_ABOUT_RETURN_TYPE = YES_ERROR;
				GCC_WARN_UNDECLARED_SELECTOR = YES;
				GCC_WARN_UNINITIALIZED_AUTOS = YES_AGGRESSIVE;
				GCC_WARN_UNUSED_FUNCTION = YES;
				GCC_WARN_UNUSED_VARIABLE = YES;
				LOCALIZATION_PREFERS_STRING_CATALOGS = YES;
				MACOSX_DEPLOYMENT_TARGET = 15.5;
				MTL_ENABLE_DEBUG_INFO = INCLUDE_SOURCE;
				MTL_FAST_MATH = YES;
				ONLY_ACTIVE_ARCH = YES;
				SDKROOT = macosx;
				SWIFT_ACTIVE_COMPILATION_CONDITIONS = "DEBUG $(inherited)";
				SWIFT_OPTIMIZATION_LEVEL = "-Onone";
			};
			name = Debug;
		};
		E414C9C42E02E85E00DC57AA /* Release */ = {
			isa = XCBuildConfiguration;
			buildSettings = {
				ALWAYS_SEARCH_USER_PATHS = NO;
				ASSETCATALOG_COMPILER_GENERATE_SWIFT_ASSET_SYMBOL_EXTENSIONS = YES;
				CLANG_ANALYZER_NONNULL = YES;
				CLANG_ANALYZER_NUMBER_OBJECT_CONVERSION = YES_AGGRESSIVE;
				CLANG_CXX_LANGUAGE_STANDARD = "gnu++20";
				CLANG_ENABLE_MODULES = YES;
				CLANG_ENABLE_OBJC_ARC = YES;
				CLANG_ENABLE_OBJC_WEAK = YES;
				CLANG_WARN_BLOCK_CAPTURE_AUTORELEASING = YES;
				CLANG_WARN_BOOL_CONVERSION = YES;
				CLANG_WARN_COMMA = YES;
				CLANG_WARN_CONSTANT_CONVERSION = YES;
				CLANG_WARN_DEPRECATED_OBJC_IMPLEMENTATIONS = YES;
				CLANG_WARN_DIRECT_OBJC_ISA_USAGE = YES_ERROR;
				CLANG_WARN_DOCUMENTATION_COMMENTS = YES;
				CLANG_WARN_EMPTY_BODY = YES;
				CLANG_WARN_ENUM_CONVERSION = YES;
				CLANG_WARN_INFINITE_RECURSION = YES;
				CLANG_WARN_INT_CONVERSION = YES;
				CLANG_WARN_NON_LITERAL_NULL_CONVERSION = YES;
				CLANG_WARN_OBJC_IMPLICIT_RETAIN_SELF = YES;
				CLANG_WARN_OBJC_LITERAL_CONVERSION = YES;
				CLANG_WARN_OBJC_ROOT_CLASS = YES_ERROR;
				CLANG_WARN_QUOTED_INCLUDE_IN_FRAMEWORK_HEADER = YES;
				CLANG_WARN_RANGE_LOOP_ANALYSIS = YES;
				CLANG_WARN_STRICT_PROTOTYPES = YES;
				CLANG_WARN_SUSPICIOUS_MOVE = YES;
				CLANG_WARN_UNGUARDED_AVAILABILITY = YES_AGGRESSIVE;
				CLANG_WARN_UNREACHABLE_CODE = YES;
				CLANG_WARN__DUPLICATE_METHOD_MATCH = YES;
				COPY_PHASE_STRIP = NO;
				DEBUG_INFORMATION_FORMAT = "dwarf-with-dsym";
				DEVELOPMENT_TEAM = 9WS6268AT2;
				ENABLE_NS_ASSERTIONS = NO;
				ENABLE_STRICT_OBJC_MSGSEND = YES;
				ENABLE_USER_SCRIPT_SANDBOXING = YES;
				GCC_C_LANGUAGE_STANDARD = gnu17;
				GCC_NO_COMMON_BLOCKS = YES;
				GCC_WARN_64_TO_32_BIT_CONVERSION = YES;
				GCC_WARN_ABOUT_RETURN_TYPE = YES_ERROR;
				GCC_WARN_UNDECLARED_SELECTOR = YES;
				GCC_WARN_UNINITIALIZED_AUTOS = YES_AGGRESSIVE;
				GCC_WARN_UNUSED_FUNCTION = YES;
				GCC_WARN_UNUSED_VARIABLE = YES;
				LOCALIZATION_PREFERS_STRING_CATALOGS = YES;
				MACOSX_DEPLOYMENT_TARGET = 15.5;
				MTL_ENABLE_DEBUG_INFO = NO;
				MTL_FAST_MATH = YES;
				SDKROOT = macosx;
				SWIFT_COMPILATION_MODE = wholemodule;
			};
			name = Release;
		};
		E414C9C62E02E85E00DC57AA /* Debug */ = {
			isa = XCBuildConfiguration;
			buildSettings = {
				ASSETCATALOG_COMPILER_APPICON_NAME = AppIcon;
				ASSETCATALOG_COMPILER_GLOBAL_ACCENT_COLOR_NAME = AccentColor;
				CODE_SIGN_ENTITLEMENTS = Nudge_macOS/Nudge_macOS.entitlements;
				CODE_SIGN_STYLE = Automatic;
				COMBINE_HIDPI_IMAGES = YES;
				CURRENT_PROJECT_VERSION = 1;
				DEVELOPMENT_TEAM = 9WS6268AT2;
				ENABLE_HARDENED_RUNTIME = YES;
				ENABLE_PREVIEWS = YES;
				GENERATE_INFOPLIST_FILE = YES;
				INFOPLIST_FILE = Info.plist;
				INFOPLIST_KEY_LSApplicationCategoryType = "";
				INFOPLIST_KEY_NSHumanReadableCopyright = "";
				LD_RUNPATH_SEARCH_PATHS = (
					"$(inherited)",
					"@executable_path/../Frameworks",
				);
				MARKETING_VERSION = 1.0;
				PRODUCT_BUNDLE_IDENTIFIER = "Harshit.Nudge-macOS";
				PRODUCT_NAME = "$(TARGET_NAME)";
				REGISTER_APP_GROUPS = YES;
				SWIFT_EMIT_LOC_STRINGS = YES;
				SWIFT_VERSION = 5.0;
			};
			name = Debug;
		};
		E414C9C72E02E85E00DC57AA /* Release */ = {
			isa = XCBuildConfiguration;
			buildSettings = {
				ASSETCATALOG_COMPILER_APPICON_NAME = AppIcon;
				ASSETCATALOG_COMPILER_GLOBAL_ACCENT_COLOR_NAME = AccentColor;
				CODE_SIGN_ENTITLEMENTS = Nudge_macOS/Nudge_macOS.entitlements;
				CODE_SIGN_STYLE = Automatic;
				COMBINE_HIDPI_IMAGES = YES;
				CURRENT_PROJECT_VERSION = 1;
				DEVELOPMENT_TEAM = 9WS6268AT2;
				ENABLE_HARDENED_RUNTIME = YES;
				ENABLE_PREVIEWS = YES;
				GENERATE_INFOPLIST_FILE = YES;
				INFOPLIST_FILE = Info.plist;
				INFOPLIST_KEY_LSApplicationCategoryType = "";
				INFOPLIST_KEY_NSHumanReadableCopyright = "";
				LD_RUNPATH_SEARCH_PATHS = (
					"$(inherited)",
					"@executable_path/../Frameworks",
				);
				MARKETING_VERSION = 1.0;
				PRODUCT_BUNDLE_IDENTIFIER = "Harshit.Nudge-macOS";
				PRODUCT_NAME = "$(TARGET_NAME)";
				REGISTER_APP_GROUPS = YES;
				SWIFT_EMIT_LOC_STRINGS = YES;
				SWIFT_VERSION = 5.0;
			};
			name = Release;
		};
		E414C9C92E02E85E00DC57AA /* Debug */ = {
			isa = XCBuildConfiguration;
			buildSettings = {
				BUNDLE_LOADER = "$(TEST_HOST)";
				CODE_SIGN_STYLE = Automatic;
				CURRENT_PROJECT_VERSION = 1;
				DEVELOPMENT_TEAM = 9WS6268AT2;
				GENERATE_INFOPLIST_FILE = YES;
				MACOSX_DEPLOYMENT_TARGET = 15.5;
				MARKETING_VERSION = 1.0;
				PRODUCT_BUNDLE_IDENTIFIER = "Harshit.Nudge-macOSTests";
				PRODUCT_NAME = "$(TARGET_NAME)";
				SWIFT_EMIT_LOC_STRINGS = NO;
				SWIFT_VERSION = 5.0;
				TEST_HOST = "$(BUILT_PRODUCTS_DIR)/Nudge_macOS.app/$(BUNDLE_EXECUTABLE_FOLDER_PATH)/Nudge_macOS";
			};
			name = Debug;
		};
		E414C9CA2E02E85E00DC57AA /* Release */ = {
			isa = XCBuildConfiguration;
			buildSettings = {
				BUNDLE_LOADER = "$(TEST_HOST)";
				CODE_SIGN_STYLE = Automatic;
				CURRENT_PROJECT_VERSION = 1;
				DEVELOPMENT_TEAM = 9WS6268AT2;
				GENERATE_INFOPLIST_FILE = YES;
				MACOSX_DEPLOYMENT_TARGET = 15.5;
				MARKETING_VERSION = 1.0;
				PRODUCT_BUNDLE_IDENTIFIER = "Harshit.Nudge-macOSTests";
				PRODUCT_NAME = "$(TARGET_NAME)";
				SWIFT_EMIT_LOC_STRINGS = NO;
				SWIFT_VERSION = 5.0;
				TEST_HOST = "$(BUILT_PRODUCTS_DIR)/Nudge_macOS.app/$(BUNDLE_EXECUTABLE_FOLDER_PATH)/Nudge_macOS";
			};
			name = Release;
		};
		E414C9CC2E02E85E00DC57AA /* Debug */ = {
			isa = XCBuildConfiguration;
			buildSettings = {
				CODE_SIGN_STYLE = Automatic;
				CURRENT_PROJECT_VERSION = 1;
				DEVELOPMENT_TEAM = 9WS6268AT2;
				GENERATE_INFOPLIST_FILE = YES;
				MARKETING_VERSION = 1.0;
				PRODUCT_BUNDLE_IDENTIFIER = "Harshit.Nudge-macOSUITests";
				PRODUCT_NAME = "$(TARGET_NAME)";
				SWIFT_EMIT_LOC_STRINGS = NO;
				SWIFT_VERSION = 5.0;
				TEST_TARGET_NAME = Nudge_macOS;
			};
			name = Debug;
		};
		E414C9CD2E02E85E00DC57AA /* Release */ = {
			isa = XCBuildConfiguration;
			buildSettings = {
				CODE_SIGN_STYLE = Automatic;
				CURRENT_PROJECT_VERSION = 1;
				DEVELOPMENT_TEAM = 9WS6268AT2;
				GENERATE_INFOPLIST_FILE = YES;
				MARKETING_VERSION = 1.0;
				PRODUCT_BUNDLE_IDENTIFIER = "Harshit.Nudge-macOSUITests";
				PRODUCT_NAME = "$(TARGET_NAME)";
				SWIFT_EMIT_LOC_STRINGS = NO;
				SWIFT_VERSION = 5.0;
				TEST_TARGET_NAME = Nudge_macOS;
			};
			name = Release;
		};
		E414C9F72E02EC7900DC57AA /* Debug */ = {
			isa = XCBuildConfiguration;
			buildSettings = {
				CODE_SIGN_ENTITLEMENTS = NudgeHelper/NudgeHelper.entitlements;
				CODE_SIGN_STYLE = Automatic;
				COMBINE_HIDPI_IMAGES = YES;
				CURRENT_PROJECT_VERSION = 1;
				DEVELOPMENT_TEAM = 9WS6268AT2;
				ENABLE_HARDENED_RUNTIME = YES;
				GENERATE_INFOPLIST_FILE = YES;
				INFOPLIST_FILE = NudgeHelper/Info.plist;
				INFOPLIST_KEY_CFBundleDisplayName = NudgeHelper;
				INFOPLIST_KEY_NSHumanReadableCopyright = "";
				MARKETING_VERSION = 1.0;
				PRODUCT_BUNDLE_IDENTIFIER = Harshit.NudgeHelper;
				PRODUCT_NAME = "$(TARGET_NAME)";
				REGISTER_APP_GROUPS = YES;
				SKIP_INSTALL = YES;
				SWIFT_EMIT_LOC_STRINGS = YES;
				SWIFT_VERSION = 5.0;
			};
			name = Debug;
		};
		E414C9F82E02EC7900DC57AA /* Release */ = {
			isa = XCBuildConfiguration;
			buildSettings = {
				CODE_SIGN_ENTITLEMENTS = NudgeHelper/NudgeHelper.entitlements;
				CODE_SIGN_STYLE = Automatic;
				COMBINE_HIDPI_IMAGES = YES;
				CURRENT_PROJECT_VERSION = 1;
				DEVELOPMENT_TEAM = 9WS6268AT2;
				ENABLE_HARDENED_RUNTIME = YES;
				GENERATE_INFOPLIST_FILE = YES;
				INFOPLIST_FILE = NudgeHelper/Info.plist;
				INFOPLIST_KEY_CFBundleDisplayName = NudgeHelper;
				INFOPLIST_KEY_NSHumanReadableCopyright = "";
				MARKETING_VERSION = 1.0;
				PRODUCT_BUNDLE_IDENTIFIER = Harshit.NudgeHelper;
				PRODUCT_NAME = "$(TARGET_NAME)";
				REGISTER_APP_GROUPS = YES;
				SKIP_INSTALL = YES;
				SWIFT_EMIT_LOC_STRINGS = YES;
				SWIFT_VERSION = 5.0;
			};
			name = Release;
		};
/* End XCBuildConfiguration section */

/* Begin XCConfigurationList section */
		E414C99E2E02E85D00DC57AA /* Build configuration list for PBXProject "Nudge_macOS" */ = {
			isa = XCConfigurationList;
			buildConfigurations = (
				E414C9C32E02E85E00DC57AA /* Debug */,
				E414C9C42E02E85E00DC57AA /* Release */,
			);
			defaultConfigurationIsVisible = 0;
			defaultConfigurationName = Release;
		};
		E414C9C52E02E85E00DC57AA /* Build configuration list for PBXNativeTarget "Nudge_macOS" */ = {
			isa = XCConfigurationList;
			buildConfigurations = (
				E414C9C62E02E85E00DC57AA /* Debug */,
				E414C9C72E02E85E00DC57AA /* Release */,
			);
			defaultConfigurationIsVisible = 0;
			defaultConfigurationName = Release;
		};
		E414C9C82E02E85E00DC57AA /* Build configuration list for PBXNativeTarget "Nudge_macOSTests" */ = {
			isa = XCConfigurationList;
			buildConfigurations = (
				E414C9C92E02E85E00DC57AA /* Debug */,
				E414C9CA2E02E85E00DC57AA /* Release */,
			);
			defaultConfigurationIsVisible = 0;
			defaultConfigurationName = Release;
		};
		E414C9CB2E02E85E00DC57AA /* Build configuration list for PBXNativeTarget "Nudge_macOSUITests" */ = {
			isa = XCConfigurationList;
			buildConfigurations = (
				E414C9CC2E02E85E00DC57AA /* Debug */,
				E414C9CD2E02E85E00DC57AA /* Release */,
			);
			defaultConfigurationIsVisible = 0;
			defaultConfigurationName = Release;
		};
		E414C9F62E02EC7900DC57AA /* Build configuration list for PBXNativeTarget "NudgeHelper" */ = {
			isa = XCConfigurationList;
			buildConfigurations = (
				E414C9F72E02EC7900DC57AA /* Debug */,
				E414C9F82E02EC7900DC57AA /* Release */,
			);
			defaultConfigurationIsVisible = 0;
			defaultConfigurationName = Release;
		};
/* End XCConfigurationList section */
	};
	rootObject = E414C99B2E02E85D00DC57AA /* Project object */;
}
